PODS:
  - AEXML (4.0.1)
  - SwiftyJSON (3.1.4)

DEPENDENCIES:
  - AEXML
  - SwiftyJSON (from `https://github.com/SwiftyJSON/SwiftyJSON.git`)

EXTERNAL SOURCES:
  SwiftyJSON:
    :git: https://github.com/SwiftyJSON/SwiftyJSON.git

CHECKOUT OPTIONS:
  SwiftyJSON:
    :commit: adf34cfb4c9f2ff4e3c420c6d9fb1e2eaf3b3791
    :git: https://github.com/SwiftyJSON/SwiftyJSON.git

SPEC CHECKSUMS:
  AEXML: 905e50474c0a261d335aa8be4ee32d22d69b6fd5
  SwiftyJSON: 05cf0e98a950e2ba343735264f5a96b81e755d00

PODFILE CHECKSUM: 86d0d020af9aaf68307b3749d133dbf144a3a690

COCOAPODS: 1.1.0.rc.2
